
Microsoft Visual Studio Solution File, Format Version 12.00
# Visual Studio Version 16
VisualStudioVersion = 16.0.30523.141
MinimumVisualStudioVersion = 10.0.40219.1
Project("{FAE04EC0-301F-11D3-BF4B-00C04F79EFBC}") = "MyWpfApplication", "MyWpfApplication\MyWpfApplication.csproj", "{22962021-8D07-4832-9525-FE3A33C0831F}"
EndProject
Project("{FAE04EC0-301F-11D3-BF4B-00C04F79EFBC}") = "MyCalculator", "MyCalculator\MyCalculator.csproj", "{F637BBBE-90F0-4ABB-BF73-0A4AC645B05E}"
EndProject
Project("{FAE04EC0-301F-11D3-BF4B-00C04F79EFBC}") = "Demo2", "Demo2\Demo2.csproj", "{F5F9E0E0-43C3-4B3A-96CA-86C4BC23BB45}"
EndProject
Global
	GlobalSection(SolutionConfigurationPlatforms) = preSolution
		Debug|Any CPU = Debug|Any CPU
		Release|Any CPU = Release|Any CPU
	EndGlobalSection
	GlobalSection(ProjectConfigurationPlatforms) = postSolution
		{22962021-8D07-4832-9525-FE3A33C0831F}.Debug|Any CPU.ActiveCfg = Debug|Any CPU
		{22962021-8D07-4832-9525-FE3A33C0831F}.Debug|Any CPU.Build.0 = Debug|Any CPU
		{22962021-8D07-4832-9525-FE3A33C0831F}.Release|Any CPU.ActiveCfg = Release|Any CPU
		{22962021-8D07-4832-9525-FE3A33C0831F}.Release|Any CPU.Build.0 = Release|Any CPU
		{F637BBBE-90F0-4ABB-BF73-0A4AC645B05E}.Debug|Any CPU.ActiveCfg = Debug|Any CPU
		{F637BBBE-90F0-4ABB-BF73-0A4AC645B05E}.Debug|Any CPU.Build.0 = Debug|Any CPU
		{F637BBBE-90F0-4ABB-BF73-0A4AC645B05E}.Release|Any CPU.ActiveCfg = Release|Any CPU
		{F637BBBE-90F0-4ABB-BF73-0A4AC645B05E}.Release|Any CPU.Build.0 = Release|Any CPU
		{F5F9E0E0-43C3-4B3A-96CA-86C4BC23BB45}.Debug|Any CPU.ActiveCfg = Debug|Any CPU
		{F5F9E0E0-43C3-4B3A-96CA-86C4BC23BB45}.Debug|Any CPU.Build.0 = Debug|Any CPU
		{F5F9E0E0-43C3-4B3A-96CA-86C4BC23BB45}.Release|Any CPU.ActiveCfg = Release|Any CPU
		{F5F9E0E0-43C3-4B3A-96CA-86C4BC23BB45}.Release|Any CPU.Build.0 = Release|Any CPU
	EndGlobalSection
	GlobalSection(SolutionProperties) = preSolution
		HideSolutionNode = FALSE
	EndGlobalSection
	GlobalSection(ExtensibilityGlobals) = postSolution
		SolutionGuid = {BE0465A4-7E21-4ABC-8246-F69991F22A7C}
	EndGlobalSection
EndGlobal
