
Microsoft Visual Studio Solution File, Format Version 12.00
# Visual Studio Version 16
VisualStudioVersion = 16.0.30503.244
MinimumVisualStudioVersion = 10.0.40219.1
Project("{9A19103F-16F7-4668-BE54-9A1E7A4F7556}") = "TjuvoPolisTest", "TjuvoPolisTest\TjuvoPolisTest.csproj", "{7F206EB0-04E4-4997-B080-F8E24D592217}"
EndProject
Project("{9A19103F-16F7-4668-BE54-9A1E7A4F7556}") = "TjuvopolisTestField", "TjuvopolisTestField\TjuvopolisTestField.csproj", "{58390E5C-516A-4E9A-A83B-79773173A902}"
EndProject
Project("{FAE04EC0-301F-11D3-BF4B-00C04F79EFBC}") = "TjuvoPolisBeta", "TjuvoPolisBeta\TjuvoPolisBeta.csproj", "{DF4739EC-20A3-4ADF-80D2-32AB736895C2}"
EndProject
Global
	GlobalSection(SolutionConfigurationPlatforms) = preSolution
		Debug|Any CPU = Debug|Any CPU
		Release|Any CPU = Release|Any CPU
	EndGlobalSection
	GlobalSection(ProjectConfigurationPlatforms) = postSolution
		{7F206EB0-04E4-4997-B080-F8E24D592217}.Debug|Any CPU.ActiveCfg = Debug|Any CPU
		{7F206EB0-04E4-4997-B080-F8E24D592217}.Debug|Any CPU.Build.0 = Debug|Any CPU
		{7F206EB0-04E4-4997-B080-F8E24D592217}.Release|Any CPU.ActiveCfg = Release|Any CPU
		{7F206EB0-04E4-4997-B080-F8E24D592217}.Release|Any CPU.Build.0 = Release|Any CPU
		{58390E5C-516A-4E9A-A83B-79773173A902}.Debug|Any CPU.ActiveCfg = Debug|Any CPU
		{58390E5C-516A-4E9A-A83B-79773173A902}.Debug|Any CPU.Build.0 = Debug|Any CPU
		{58390E5C-516A-4E9A-A83B-79773173A902}.Release|Any CPU.ActiveCfg = Release|Any CPU
		{58390E5C-516A-4E9A-A83B-79773173A902}.Release|Any CPU.Build.0 = Release|Any CPU
		{DF4739EC-20A3-4ADF-80D2-32AB736895C2}.Debug|Any CPU.ActiveCfg = Debug|Any CPU
		{DF4739EC-20A3-4ADF-80D2-32AB736895C2}.Debug|Any CPU.Build.0 = Debug|Any CPU
		{DF4739EC-20A3-4ADF-80D2-32AB736895C2}.Release|Any CPU.ActiveCfg = Release|Any CPU
		{DF4739EC-20A3-4ADF-80D2-32AB736895C2}.Release|Any CPU.Build.0 = Release|Any CPU
	EndGlobalSection
	GlobalSection(SolutionProperties) = preSolution
		HideSolutionNode = FALSE
	EndGlobalSection
	GlobalSection(ExtensibilityGlobals) = postSolution
		SolutionGuid = {D1E18AD5-9F74-43C2-85E9-A271A88C6D0A}
	EndGlobalSection
EndGlobal
