
Microsoft Visual Studio Solution File, Format Version 12.00
# Visual Studio Version 16
VisualStudioVersion = 16.0.30413.136
MinimumVisualStudioVersion = 10.0.40219.1
Project("{9A19103F-16F7-4668-BE54-9A1E7A4F7556}") = "SwitchCodeAlong", "ConsoleApp3\SwitchCodeAlong.csproj", "{ADFED034-DA05-416D-8B10-3CBDEB9B242C}"
EndProject
Project("{9A19103F-16F7-4668-BE54-9A1E7A4F7556}") = "MethodCodeAlong", "CodeAlongeMetoder\MethodCodeAlong.csproj", "{3353FE5E-A743-427D-BF4E-4364CBF1671D}"
EndProject
Project("{9A19103F-16F7-4668-BE54-9A1E7A4F7556}") = "SwitchMethodMenuCodeAlong", "SwitchMethodMenuCodeAlong\SwitchMethodMenuCodeAlong.csproj", "{E8FCA303-3B4E-4171-B137-E15CEC06B21E}"
EndProject
Global
	GlobalSection(SolutionConfigurationPlatforms) = preSolution
		Debug|Any CPU = Debug|Any CPU
		Release|Any CPU = Release|Any CPU
	EndGlobalSection
	GlobalSection(ProjectConfigurationPlatforms) = postSolution
		{ADFED034-DA05-416D-8B10-3CBDEB9B242C}.Debug|Any CPU.ActiveCfg = Debug|Any CPU
		{ADFED034-DA05-416D-8B10-3CBDEB9B242C}.Debug|Any CPU.Build.0 = Debug|Any CPU
		{ADFED034-DA05-416D-8B10-3CBDEB9B242C}.Release|Any CPU.ActiveCfg = Release|Any CPU
		{ADFED034-DA05-416D-8B10-3CBDEB9B242C}.Release|Any CPU.Build.0 = Release|Any CPU
		{3353FE5E-A743-427D-BF4E-4364CBF1671D}.Debug|Any CPU.ActiveCfg = Debug|Any CPU
		{3353FE5E-A743-427D-BF4E-4364CBF1671D}.Debug|Any CPU.Build.0 = Debug|Any CPU
		{3353FE5E-A743-427D-BF4E-4364CBF1671D}.Release|Any CPU.ActiveCfg = Release|Any CPU
		{3353FE5E-A743-427D-BF4E-4364CBF1671D}.Release|Any CPU.Build.0 = Release|Any CPU
		{E8FCA303-3B4E-4171-B137-E15CEC06B21E}.Debug|Any CPU.ActiveCfg = Debug|Any CPU
		{E8FCA303-3B4E-4171-B137-E15CEC06B21E}.Debug|Any CPU.Build.0 = Debug|Any CPU
		{E8FCA303-3B4E-4171-B137-E15CEC06B21E}.Release|Any CPU.ActiveCfg = Release|Any CPU
		{E8FCA303-3B4E-4171-B137-E15CEC06B21E}.Release|Any CPU.Build.0 = Release|Any CPU
	EndGlobalSection
	GlobalSection(SolutionProperties) = preSolution
		HideSolutionNode = FALSE
	EndGlobalSection
	GlobalSection(ExtensibilityGlobals) = postSolution
		SolutionGuid = {90DA1D7A-E3A8-4F98-AECC-BE197EC565AC}
	EndGlobalSection
EndGlobal
