
Microsoft Visual Studio Solution File, Format Version 12.00
# Visual Studio Version 16
VisualStudioVersion = 16.0.30503.244
MinimumVisualStudioVersion = 10.0.40219.1
Project("{9A19103F-16F7-4668-BE54-9A1E7A4F7556}") = "ConstructorCodeAlong", "Lektion 8\ConstructorCodeAlong.csproj", "{8AA4DEE9-85DD-49D6-9D84-58B760B29BF0}"
EndProject
Project("{9A19103F-16F7-4668-BE54-9A1E7A4F7556}") = "Ternary", "Ternary\Ternary.csproj", "{928C27B2-874F-4E9F-8853-11F02001CA81}"
EndProject
Project("{9A19103F-16F7-4668-BE54-9A1E7A4F7556}") = "InheritanceCodeAlong", "InheritanceCodeAlong\InheritanceCodeAlong.csproj", "{8B06DF3A-DC1C-418F-8460-10AA8C4BDA77}"
EndProject
Project("{FAE04EC0-301F-11D3-BF4B-00C04F79EFBC}") = "Library", "AssignmentInheritance\Library.csproj", "{4CEEEC62-72F3-4613-978F-601E49228681}"
EndProject
Global
	GlobalSection(SolutionConfigurationPlatforms) = preSolution
		Debug|Any CPU = Debug|Any CPU
		Release|Any CPU = Release|Any CPU
	EndGlobalSection
	GlobalSection(ProjectConfigurationPlatforms) = postSolution
		{8AA4DEE9-85DD-49D6-9D84-58B760B29BF0}.Debug|Any CPU.ActiveCfg = Debug|Any CPU
		{8AA4DEE9-85DD-49D6-9D84-58B760B29BF0}.Debug|Any CPU.Build.0 = Debug|Any CPU
		{8AA4DEE9-85DD-49D6-9D84-58B760B29BF0}.Release|Any CPU.ActiveCfg = Release|Any CPU
		{8AA4DEE9-85DD-49D6-9D84-58B760B29BF0}.Release|Any CPU.Build.0 = Release|Any CPU
		{928C27B2-874F-4E9F-8853-11F02001CA81}.Debug|Any CPU.ActiveCfg = Debug|Any CPU
		{928C27B2-874F-4E9F-8853-11F02001CA81}.Debug|Any CPU.Build.0 = Debug|Any CPU
		{928C27B2-874F-4E9F-8853-11F02001CA81}.Release|Any CPU.ActiveCfg = Release|Any CPU
		{928C27B2-874F-4E9F-8853-11F02001CA81}.Release|Any CPU.Build.0 = Release|Any CPU
		{8B06DF3A-DC1C-418F-8460-10AA8C4BDA77}.Debug|Any CPU.ActiveCfg = Debug|Any CPU
		{8B06DF3A-DC1C-418F-8460-10AA8C4BDA77}.Debug|Any CPU.Build.0 = Debug|Any CPU
		{8B06DF3A-DC1C-418F-8460-10AA8C4BDA77}.Release|Any CPU.ActiveCfg = Release|Any CPU
		{8B06DF3A-DC1C-418F-8460-10AA8C4BDA77}.Release|Any CPU.Build.0 = Release|Any CPU
		{4CEEEC62-72F3-4613-978F-601E49228681}.Debug|Any CPU.ActiveCfg = Debug|Any CPU
		{4CEEEC62-72F3-4613-978F-601E49228681}.Debug|Any CPU.Build.0 = Debug|Any CPU
		{4CEEEC62-72F3-4613-978F-601E49228681}.Release|Any CPU.ActiveCfg = Release|Any CPU
		{4CEEEC62-72F3-4613-978F-601E49228681}.Release|Any CPU.Build.0 = Release|Any CPU
	EndGlobalSection
	GlobalSection(SolutionProperties) = preSolution
		HideSolutionNode = FALSE
	EndGlobalSection
	GlobalSection(ExtensibilityGlobals) = postSolution
		SolutionGuid = {58D200D9-C4AC-4482-9F19-6BAC05CE109A}
	EndGlobalSection
EndGlobal
