
Microsoft Visual Studio Solution File, Format Version 12.00
# Visual Studio Version 16
VisualStudioVersion = 16.0.30523.141
MinimumVisualStudioVersion = 10.0.40219.1
Project("{FAE04EC0-301F-11D3-BF4B-00C04F79EFBC}") = "Bewarlosning", "Bewarlosning\Bewarlosning.csproj", "{4E7B1B9F-F2CC-449B-9BDF-20907A2AAB82}"
EndProject
Global
	GlobalSection(SolutionConfigurationPlatforms) = preSolution
		Debug|Any CPU = Debug|Any CPU
		Release|Any CPU = Release|Any CPU
	EndGlobalSection
	GlobalSection(ProjectConfigurationPlatforms) = postSolution
		{4E7B1B9F-F2CC-449B-9BDF-20907A2AAB82}.Debug|Any CPU.ActiveCfg = Debug|Any CPU
		{4E7B1B9F-F2CC-449B-9BDF-20907A2AAB82}.Debug|Any CPU.Build.0 = Debug|Any CPU
		{4E7B1B9F-F2CC-449B-9BDF-20907A2AAB82}.Release|Any CPU.ActiveCfg = Release|Any CPU
		{4E7B1B9F-F2CC-449B-9BDF-20907A2AAB82}.Release|Any CPU.Build.0 = Release|Any CPU
	EndGlobalSection
	GlobalSection(SolutionProperties) = preSolution
		HideSolutionNode = FALSE
	EndGlobalSection
	GlobalSection(ExtensibilityGlobals) = postSolution
		SolutionGuid = {A3B99F6E-7667-4530-BFA1-951A0C61F56A}
	EndGlobalSection
EndGlobal
