
Microsoft Visual Studio Solution File, Format Version 12.00
# Visual Studio Version 16
VisualStudioVersion = 16.0.30413.136
MinimumVisualStudioVersion = 10.0.40219.1
Project("{FAE04EC0-301F-11D3-BF4B-00C04F79EFBC}") = "PluralsightOOP", "PluralsightOOP\PluralsightOOP.csproj", "{FA78A7B1-B1E5-4973-B7C8-BAC4ED70A148}"
EndProject
Global
	GlobalSection(SolutionConfigurationPlatforms) = preSolution
		Debug|Any CPU = Debug|Any CPU
		Release|Any CPU = Release|Any CPU
	EndGlobalSection
	GlobalSection(ProjectConfigurationPlatforms) = postSolution
		{FA78A7B1-B1E5-4973-B7C8-BAC4ED70A148}.Debug|Any CPU.ActiveCfg = Debug|Any CPU
		{FA78A7B1-B1E5-4973-B7C8-BAC4ED70A148}.Debug|Any CPU.Build.0 = Debug|Any CPU
		{FA78A7B1-B1E5-4973-B7C8-BAC4ED70A148}.Release|Any CPU.ActiveCfg = Release|Any CPU
		{FA78A7B1-B1E5-4973-B7C8-BAC4ED70A148}.Release|Any CPU.Build.0 = Release|Any CPU
	EndGlobalSection
	GlobalSection(SolutionProperties) = preSolution
		HideSolutionNode = FALSE
	EndGlobalSection
	GlobalSection(ExtensibilityGlobals) = postSolution
		SolutionGuid = {2DEC53E0-7A29-4DFD-9CB3-01EAD7BA7D7E}
	EndGlobalSection
EndGlobal
