
Microsoft Visual Studio Solution File, Format Version 12.00
# Visual Studio Version 16
VisualStudioVersion = 16.0.30330.147
MinimumVisualStudioVersion = 10.0.40219.1
Project("{9A19103F-16F7-4668-BE54-9A1E7A4F7556}") = "Random rnd = new Random();", "HejVärlden\Random rnd = new Random();.csproj", "{46747F7F-08B6-43E8-8605-6BA0CA47F4EF}"
EndProject
Global
	GlobalSection(SolutionConfigurationPlatforms) = preSolution
		Debug|Any CPU = Debug|Any CPU
		Release|Any CPU = Release|Any CPU
	EndGlobalSection
	GlobalSection(ProjectConfigurationPlatforms) = postSolution
		{46747F7F-08B6-43E8-8605-6BA0CA47F4EF}.Debug|Any CPU.ActiveCfg = Debug|Any CPU
		{46747F7F-08B6-43E8-8605-6BA0CA47F4EF}.Debug|Any CPU.Build.0 = Debug|Any CPU
		{46747F7F-08B6-43E8-8605-6BA0CA47F4EF}.Release|Any CPU.ActiveCfg = Release|Any CPU
		{46747F7F-08B6-43E8-8605-6BA0CA47F4EF}.Release|Any CPU.Build.0 = Release|Any CPU
	EndGlobalSection
	GlobalSection(SolutionProperties) = preSolution
		HideSolutionNode = FALSE
	EndGlobalSection
	GlobalSection(ExtensibilityGlobals) = postSolution
		SolutionGuid = {A2540202-CEEC-4AFD-8336-C1FE107E4775}
	EndGlobalSection
EndGlobal
