
Microsoft Visual Studio Solution File, Format Version 12.00
# Visual Studio Version 16
VisualStudioVersion = 16.0.30413.136
MinimumVisualStudioVersion = 10.0.40219.1
Project("{FAE04EC0-301F-11D3-BF4B-00C04F79EFBC}") = "lektion3", "lektion3\lektion3.csproj", "{A2C5E429-3B54-44DF-A46C-EF2020477D5D}"
EndProject
Global
	GlobalSection(SolutionConfigurationPlatforms) = preSolution
		Debug|Any CPU = Debug|Any CPU
		Release|Any CPU = Release|Any CPU
	EndGlobalSection
	GlobalSection(ProjectConfigurationPlatforms) = postSolution
		{A2C5E429-3B54-44DF-A46C-EF2020477D5D}.Debug|Any CPU.ActiveCfg = Debug|Any CPU
		{A2C5E429-3B54-44DF-A46C-EF2020477D5D}.Debug|Any CPU.Build.0 = Debug|Any CPU
		{A2C5E429-3B54-44DF-A46C-EF2020477D5D}.Release|Any CPU.ActiveCfg = Release|Any CPU
		{A2C5E429-3B54-44DF-A46C-EF2020477D5D}.Release|Any CPU.Build.0 = Release|Any CPU
	EndGlobalSection
	GlobalSection(SolutionProperties) = preSolution
		HideSolutionNode = FALSE
	EndGlobalSection
	GlobalSection(ExtensibilityGlobals) = postSolution
		SolutionGuid = {3FDC7907-50E4-454F-A62B-31E4935C1E01}
	EndGlobalSection
EndGlobal
